// !$*UTF8*$!
{
	archiveVersion = 1;
	classes = {
	};
	objectVersion = 52;
	objects = {

/* Begin PBXBuildFile section */
		C208190D23544C8900590D1C /* AppDelegate.swift in Sources */ = {isa = PBXBuildFile; fileRef = C208190C23544C8900590D1C /* AppDelegate.swift */; };
		C208190F23544C8900590D1C /* GameScene.sks in Resources */ = {isa = PBXBuildFile; fileRef = C208190E23544C8900590D1C /* GameScene.sks */; };
		C208191123544C8900590D1C /* Actions.sks in Resources */ = {isa = PBXBuildFile; fileRef = C208191023544C8900590D1C /* Actions.sks */; };
		C208191323544C8900590D1C /* GameScene.swift in Sources */ = {isa = PBXBuildFile; fileRef = C208191223544C8900590D1C /* GameScene.swift */; };
		C208191523544C8900590D1C /* ViewController.swift in Sources */ = {isa = PBXBuildFile; fileRef = C208191423544C8900590D1C /* ViewController.swift */; };
		C208191723544C8A00590D1C /* Assets.xcassets in Resources */ = {isa = PBXBuildFile; fileRef = C208191623544C8A00590D1C /* Assets.xcassets */; };
		C208191A23544C8A00590D1C /* Main.storyboard in Resources */ = {isa = PBXBuildFile; fileRef = C208191823544C8A00590D1C /* Main.storyboard */; };
		C208192423544E1200590D1C /* Wrapper.m in Sources */ = {isa = PBXBuildFile; fileRef = C208192323544E1200590D1C /* Wrapper.m */; };
		C208193B23544F1700590D1C /* PowerTables.c in Sources */ = {isa = PBXBuildFile; fileRef = C208192723544F1700590D1C /* PowerTables.c */; };
		C208193C23544F1700590D1C /* RogueMain.c in Sources */ = {isa = PBXBuildFile; fileRef = C208192823544F1700590D1C /* RogueMain.c */; };
		C208193D23544F1700590D1C /* Combat.c in Sources */ = {isa = PBXBuildFile; fileRef = C208192923544F1700590D1C /* Combat.c */; };
		C208193E23544F1700590D1C /* Items.c in Sources */ = {isa = PBXBuildFile; fileRef = C208192A23544F1700590D1C /* Items.c */; };
		C208193F23544F1700590D1C /* Dijkstra.c in Sources */ = {isa = PBXBuildFile; fileRef = C208192B23544F1700590D1C /* Dijkstra.c */; };
		C208194023544F1700590D1C /* IO.c in Sources */ = {isa = PBXBuildFile; fileRef = C208192C23544F1700590D1C /* IO.c */; };
		C208194123544F1700590D1C /* Buttons.c in Sources */ = {isa = PBXBuildFile; fileRef = C208192D23544F1700590D1C /* Buttons.c */; };
		C208194223544F1700590D1C /* Random.c in Sources */ = {isa = PBXBuildFile; fileRef = C208192F23544F1700590D1C /* Random.c */; };
		C208194323544F1700590D1C /* Monsters.c in Sources */ = {isa = PBXBuildFile; fileRef = C208193123544F1700590D1C /* Monsters.c */; };
		C208194423544F1700590D1C /* MainMenu.c in Sources */ = {isa = PBXBuildFile; fileRef = C208193223544F1700590D1C /* MainMenu.c */; };
		C208194523544F1700590D1C /* Movement.c in Sources */ = {isa = PBXBuildFile; fileRef = C208193323544F1700590D1C /* Movement.c */; };
		C208194623544F1700590D1C /* Sqrt.c in Sources */ = {isa = PBXBuildFile; fileRef = C208193423544F1700590D1C /* Sqrt.c */; };
		C208194723544F1700590D1C /* Time.c in Sources */ = {isa = PBXBuildFile; fileRef = C208193523544F1700590D1C /* Time.c */; };
		C208194823544F1700590D1C /* Light.c in Sources */ = {isa = PBXBuildFile; fileRef = C208193623544F1700590D1C /* Light.c */; };
		C208194923544F1700590D1C /* Architect.c in Sources */ = {isa = PBXBuildFile; fileRef = C208193723544F1700590D1C /* Architect.c */; };
		C208194A23544F1700590D1C /* Grid.c in Sources */ = {isa = PBXBuildFile; fileRef = C208193823544F1700590D1C /* Grid.c */; };
		C208194B23544F1700590D1C /* Recordings.c in Sources */ = {isa = PBXBuildFile; fileRef = C208193923544F1700590D1C /* Recordings.c */; };
		C208194C23544F1700590D1C /* Globals.c in Sources */ = {isa = PBXBuildFile; fileRef = C208193A23544F1700590D1C /* Globals.c */; };
/* End PBXBuildFile section */

/* Begin PBXFileReference section */
		C208190923544C8900590D1C /* Brogue.app */ = {isa = PBXFileReference; explicitFileType = wrapper.application; includeInIndex = 0; path = Brogue.app; sourceTree = BUILT_PRODUCTS_DIR; };
		C208190C23544C8900590D1C /* AppDelegate.swift */ = {isa = PBXFileReference; lastKnownFileType = sourcecode.swift; path = AppDelegate.swift; sourceTree = "<group>"; };
		C208190E23544C8900590D1C /* GameScene.sks */ = {isa = PBXFileReference; lastKnownFileType = file.sks; path = GameScene.sks; sourceTree = "<group>"; };
		C208191023544C8900590D1C /* Actions.sks */ = {isa = PBXFileReference; lastKnownFileType = file.sks; path = Actions.sks; sourceTree = "<group>"; };
		C208191223544C8900590D1C /* GameScene.swift */ = {isa = PBXFileReference; lastKnownFileType = sourcecode.swift; path = GameScene.swift; sourceTree = "<group>"; };
		C208191423544C8900590D1C /* ViewController.swift */ = {isa = PBXFileReference; lastKnownFileType = sourcecode.swift; path = ViewController.swift; sourceTree = "<group>"; };
		C208191623544C8A00590D1C /* Assets.xcassets */ = {isa = PBXFileReference; lastKnownFileType = folder.assetcatalog; path = Assets.xcassets; sourceTree = "<group>"; };
		C208191923544C8A00590D1C /* Base */ = {isa = PBXFileReference; lastKnownFileType = file.storyboard; name = Base; path = Base.lproj/Main.storyboard; sourceTree = "<group>"; };
		C208191B23544C8A00590D1C /* Info.plist */ = {isa = PBXFileReference; lastKnownFileType = text.plist.xml; path = Info.plist; sourceTree = "<group>"; };
		C208191C23544C8A00590D1C /* Brogue.entitlements */ = {isa = PBXFileReference; lastKnownFileType = text.plist.entitlements; path = Brogue.entitlements; sourceTree = "<group>"; };
		C208192223544E1200590D1C /* Brogue-Bridging-Header.h */ = {isa = PBXFileReference; lastKnownFileType = sourcecode.c.h; path = "Brogue-Bridging-Header.h"; sourceTree = "<group>"; };
		C208192323544E1200590D1C /* Wrapper.m */ = {isa = PBXFileReference; lastKnownFileType = sourcecode.c.objc; path = Wrapper.m; sourceTree = "<group>"; };
		C208192523544E5100590D1C /* Wrapper.h */ = {isa = PBXFileReference; lastKnownFileType = sourcecode.c.h; path = Wrapper.h; sourceTree = "<group>"; };
		C208192723544F1700590D1C /* PowerTables.c */ = {isa = PBXFileReference; fileEncoding = 4; lastKnownFileType = sourcecode.c.c; path = PowerTables.c; sourceTree = "<group>"; };
		C208192823544F1700590D1C /* RogueMain.c */ = {isa = PBXFileReference; fileEncoding = 4; lastKnownFileType = sourcecode.c.c; path = RogueMain.c; sourceTree = "<group>"; };
		C208192923544F1700590D1C /* Combat.c */ = {isa = PBXFileReference; fileEncoding = 4; lastKnownFileType = sourcecode.c.c; path = Combat.c; sourceTree = "<group>"; };
		C208192A23544F1700590D1C /* Items.c */ = {isa = PBXFileReference; fileEncoding = 4; lastKnownFileType = sourcecode.c.c; path = Items.c; sourceTree = "<group>"; };
		C208192B23544F1700590D1C /* Dijkstra.c */ = {isa = PBXFileReference; fileEncoding = 4; lastKnownFileType = sourcecode.c.c; path = Dijkstra.c; sourceTree = "<group>"; };
		C208192C23544F1700590D1C /* IO.c */ = {isa = PBXFileReference; fileEncoding = 4; lastKnownFileType = sourcecode.c.c; path = IO.c; sourceTree = "<group>"; };
		C208192D23544F1700590D1C /* Buttons.c */ = {isa = PBXFileReference; fileEncoding = 4; lastKnownFileType = sourcecode.c.c; path = Buttons.c; sourceTree = "<group>"; };
		C208192E23544F1700590D1C /* Rogue.h */ = {isa = PBXFileReference; fileEncoding = 4; lastKnownFileType = sourcecode.c.h; path = Rogue.h; sourceTree = "<group>"; };
		C208192F23544F1700590D1C /* Random.c */ = {isa = PBXFileReference; fileEncoding = 4; lastKnownFileType = sourcecode.c.c; path = Random.c; sourceTree = "<group>"; };
		C208193023544F1700590D1C /* IncludeGlobals.h */ = {isa = PBXFileReference; fileEncoding = 4; lastKnownFileType = sourcecode.c.h; path = IncludeGlobals.h; sourceTree = "<group>"; };
		C208193123544F1700590D1C /* Monsters.c */ = {isa = PBXFileReference; fileEncoding = 4; lastKnownFileType = sourcecode.c.c; path = Monsters.c; sourceTree = "<group>"; };
		C208193223544F1700590D1C /* MainMenu.c */ = {isa = PBXFileReference; fileEncoding = 4; lastKnownFileType = sourcecode.c.c; path = MainMenu.c; sourceTree = "<group>"; };
		C208193323544F1700590D1C /* Movement.c */ = {isa = PBXFileReference; fileEncoding = 4; lastKnownFileType = sourcecode.c.c; path = Movement.c; sourceTree = "<group>"; };
		C208193423544F1700590D1C /* Sqrt.c */ = {isa = PBXFileReference; fileEncoding = 4; lastKnownFileType = sourcecode.c.c; path = Sqrt.c; sourceTree = "<group>"; };
		C208193523544F1700590D1C /* Time.c */ = {isa = PBXFileReference; fileEncoding = 4; lastKnownFileType = sourcecode.c.c; path = Time.c; sourceTree = "<group>"; };
		C208193623544F1700590D1C /* Light.c */ = {isa = PBXFileReference; fileEncoding = 4; lastKnownFileType = sourcecode.c.c; path = Light.c; sourceTree = "<group>"; };
		C208193723544F1700590D1C /* Architect.c */ = {isa = PBXFileReference; fileEncoding = 4; lastKnownFileType = sourcecode.c.c; path = Architect.c; sourceTree = "<group>"; };
		C208193823544F1700590D1C /* Grid.c */ = {isa = PBXFileReference; fileEncoding = 4; lastKnownFileType = sourcecode.c.c; path = Grid.c; sourceTree = "<group>"; };
		C208193923544F1700590D1C /* Recordings.c */ = {isa = PBXFileReference; fileEncoding = 4; lastKnownFileType = sourcecode.c.c; path = Recordings.c; sourceTree = "<group>"; };
		C208193A23544F1700590D1C /* Globals.c */ = {isa = PBXFileReference; fileEncoding = 4; lastKnownFileType = sourcecode.c.c; path = Globals.c; sourceTree = "<group>"; };
		C208194D2354503100590D1C /* PlatformDefines.h */ = {isa = PBXFileReference; lastKnownFileType = sourcecode.c.h; path = PlatformDefines.h; sourceTree = "<group>"; };
/* End PBXFileReference section */

/* Begin PBXFrameworksBuildPhase section */
		C208190623544C8900590D1C /* Frameworks */ = {
			isa = PBXFrameworksBuildPhase;
			buildActionMask = 2147483647;
			files = (
			);
			runOnlyForDeploymentPostprocessing = 0;
		};
/* End PBXFrameworksBuildPhase section */

/* Begin PBXGroup section */
		C208190023544C8900590D1C = {
			isa = PBXGroup;
			children = (
				C208192623544F1700590D1C /* BrogueCode */,
				C208190B23544C8900590D1C /* PlatformCode */,
				C208190A23544C8900590D1C /* Products */,
			);
			sourceTree = "<group>";
		};
		C208190A23544C8900590D1C /* Products */ = {
			isa = PBXGroup;
			children = (
				C208190923544C8900590D1C /* Brogue.app */,
			);
			name = Products;
			sourceTree = "<group>";
		};
		C208190B23544C8900590D1C /* PlatformCode */ = {
			isa = PBXGroup;
			children = (
				C208190C23544C8900590D1C /* AppDelegate.swift */,
				C208190E23544C8900590D1C /* GameScene.sks */,
				C208191023544C8900590D1C /* Actions.sks */,
				C208191223544C8900590D1C /* GameScene.swift */,
				C208191423544C8900590D1C /* ViewController.swift */,
				C208191623544C8A00590D1C /* Assets.xcassets */,
				C208191823544C8A00590D1C /* Main.storyboard */,
				C208191B23544C8A00590D1C /* Info.plist */,
				C208191C23544C8A00590D1C /* Brogue.entitlements */,
				C208192523544E5100590D1C /* Wrapper.h */,
				C208192323544E1200590D1C /* Wrapper.m */,
				C208192223544E1200590D1C /* Brogue-Bridging-Header.h */,
				C208194D2354503100590D1C /* PlatformDefines.h */,
			);
			path = PlatformCode;
			sourceTree = "<group>";
		};
		C208192623544F1700590D1C /* BrogueCode */ = {
			isa = PBXGroup;
			children = (
				C208192723544F1700590D1C /* PowerTables.c */,
				C208192823544F1700590D1C /* RogueMain.c */,
				C208192923544F1700590D1C /* Combat.c */,
				C208192A23544F1700590D1C /* Items.c */,
				C208192B23544F1700590D1C /* Dijkstra.c */,
				C208192C23544F1700590D1C /* IO.c */,
				C208192D23544F1700590D1C /* Buttons.c */,
				C208192E23544F1700590D1C /* Rogue.h */,
				C208192F23544F1700590D1C /* Random.c */,
				C208193023544F1700590D1C /* IncludeGlobals.h */,
				C208193123544F1700590D1C /* Monsters.c */,
				C208193223544F1700590D1C /* MainMenu.c */,
				C208193323544F1700590D1C /* Movement.c */,
				C208193423544F1700590D1C /* Sqrt.c */,
				C208193523544F1700590D1C /* Time.c */,
				C208193623544F1700590D1C /* Light.c */,
				C208193723544F1700590D1C /* Architect.c */,
				C208193823544F1700590D1C /* Grid.c */,
				C208193923544F1700590D1C /* Recordings.c */,
				C208193A23544F1700590D1C /* Globals.c */,
			);
			path = BrogueCode;
			sourceTree = "<group>";
		};
/* End PBXGroup section */

/* Begin PBXNativeTarget section */
		C208190823544C8900590D1C /* Brogue */ = {
			isa = PBXNativeTarget;
			buildConfigurationList = C208191F23544C8A00590D1C /* Build configuration list for PBXNativeTarget "Brogue" */;
			buildPhases = (
				C208190523544C8900590D1C /* Sources */,
				C208190623544C8900590D1C /* Frameworks */,
				C208190723544C8900590D1C /* Resources */,
			);
			buildRules = (
			);
			dependencies = (
			);
			name = Brogue;
			productName = Brogue;
			productReference = C208190923544C8900590D1C /* Brogue.app */;
			productType = "com.apple.product-type.application";
		};
/* End PBXNativeTarget section */

/* Begin PBXProject section */
		C208190123544C8900590D1C /* Project object */ = {
			isa = PBXProject;
			attributes = {
				LastSwiftUpdateCheck = 1110;
				LastUpgradeCheck = 1110;
				ORGANIZATIONNAME = darthvid;
				TargetAttributes = {
					C208190823544C8900590D1C = {
						CreatedOnToolsVersion = 11.1;
						LastSwiftMigration = 1110;
					};
				};
			};
			buildConfigurationList = C208190423544C8900590D1C /* Build configuration list for PBXProject "Brogue" */;
			compatibilityVersion = "Xcode 11.0";
			developmentRegion = en;
			hasScannedForEncodings = 0;
			knownRegions = (
				en,
				Base,
			);
			mainGroup = C208190023544C8900590D1C;
			productRefGroup = C208190A23544C8900590D1C /* Products */;
			projectDirPath = "";
			projectRoot = "";
			targets = (
				C208190823544C8900590D1C /* Brogue */,
			);
		};
/* End PBXProject section */

/* Begin PBXResourcesBuildPhase section */
		C208190723544C8900590D1C /* Resources */ = {
			isa = PBXResourcesBuildPhase;
			buildActionMask = 2147483647;
			files = (
				C208190F23544C8900590D1C /* GameScene.sks in Resources */,
				C208191723544C8A00590D1C /* Assets.xcassets in Resources */,
				C208191123544C8900590D1C /* Actions.sks in Resources */,
				C208191A23544C8A00590D1C /* Main.storyboard in Resources */,
			);
			runOnlyForDeploymentPostprocessing = 0;
		};
/* End PBXResourcesBuildPhase section */

/* Begin PBXSourcesBuildPhase section */
		C208190523544C8900590D1C /* Sources */ = {
			isa = PBXSourcesBuildPhase;
			buildActionMask = 2147483647;
			files = (
				C208194B23544F1700590D1C /* Recordings.c in Sources */,
				C208194923544F1700590D1C /* Architect.c in Sources */,
				C208191523544C8900590D1C /* ViewController.swift in Sources */,
				C208194623544F1700590D1C /* Sqrt.c in Sources */,
				C208192423544E1200590D1C /* Wrapper.m in Sources */,
				C208194223544F1700590D1C /* Random.c in Sources */,
				C208194A23544F1700590D1C /* Grid.c in Sources */,
				C208193E23544F1700590D1C /* Items.c in Sources */,
				C208191323544C8900590D1C /* GameScene.swift in Sources */,
				C208194423544F1700590D1C /* MainMenu.c in Sources */,
				C208193B23544F1700590D1C /* PowerTables.c in Sources */,
				C208194323544F1700590D1C /* Monsters.c in Sources */,
				C208193F23544F1700590D1C /* Dijkstra.c in Sources */,
				C208193D23544F1700590D1C /* Combat.c in Sources */,
				C208194523544F1700590D1C /* Movement.c in Sources */,
				C208194823544F1700590D1C /* Light.c in Sources */,
				C208194023544F1700590D1C /* IO.c in Sources */,
				C208194723544F1700590D1C /* Time.c in Sources */,
				C208190D23544C8900590D1C /* AppDelegate.swift in Sources */,
				C208193C23544F1700590D1C /* RogueMain.c in Sources */,
				C208194C23544F1700590D1C /* Globals.c in Sources */,
				C208194123544F1700590D1C /* Buttons.c in Sources */,
			);
			runOnlyForDeploymentPostprocessing = 0;
		};
/* End PBXSourcesBuildPhase section */

/* Begin PBXVariantGroup section */
		C208191823544C8A00590D1C /* Main.storyboard */ = {
			isa = PBXVariantGroup;
			children = (
				C208191923544C8A00590D1C /* Base */,
			);
			name = Main.storyboard;
			sourceTree = "<group>";
		};
/* End PBXVariantGroup section */

/* Begin XCBuildConfiguration section */
		C208191D23544C8A00590D1C /* Debug */ = {
			isa = XCBuildConfiguration;
			buildSettings = {
				ALWAYS_SEARCH_USER_PATHS = NO;
				CLANG_ANALYZER_NONNULL = YES;
				CLANG_ANALYZER_NUMBER_OBJECT_CONVERSION = YES_AGGRESSIVE;
				CLANG_CXX_LANGUAGE_STANDARD = "gnu++14";
				CLANG_CXX_LIBRARY = "libc++";
				CLANG_ENABLE_MODULES = YES;
				CLANG_ENABLE_OBJC_ARC = YES;
				CLANG_ENABLE_OBJC_WEAK = YES;
				CLANG_WARN_BLOCK_CAPTURE_AUTORELEASING = YES;
				CLANG_WARN_BOOL_CONVERSION = YES;
				CLANG_WARN_COMMA = YES;
				CLANG_WARN_CONSTANT_CONVERSION = YES;
				CLANG_WARN_DEPRECATED_OBJC_IMPLEMENTATIONS = YES;
				CLANG_WARN_DIRECT_OBJC_ISA_USAGE = YES_ERROR;
				CLANG_WARN_DOCUMENTATION_COMMENTS = YES;
				CLANG_WARN_EMPTY_BODY = YES;
				CLANG_WARN_ENUM_CONVERSION = YES;
				CLANG_WARN_INFINITE_RECURSION = YES;
				CLANG_WARN_INT_CONVERSION = YES;
				CLANG_WARN_NON_LITERAL_NULL_CONVERSION = YES;
				CLANG_WARN_OBJC_IMPLICIT_RETAIN_SELF = YES;
				CLANG_WARN_OBJC_LITERAL_CONVERSION = YES;
				CLANG_WARN_OBJC_ROOT_CLASS = YES_ERROR;
				CLANG_WARN_RANGE_LOOP_ANALYSIS = YES;
				CLANG_WARN_STRICT_PROTOTYPES = YES;
				CLANG_WARN_SUSPICIOUS_MOVE = YES;
				CLANG_WARN_UNGUARDED_AVAILABILITY = YES_AGGRESSIVE;
				CLANG_WARN_UNREACHABLE_CODE = YES;
				CLANG_WARN__DUPLICATE_METHOD_MATCH = YES;
				COPY_PHASE_STRIP = NO;
				DEBUG_INFORMATION_FORMAT = dwarf;
				ENABLE_STRICT_OBJC_MSGSEND = YES;
				ENABLE_TESTABILITY = YES;
				GCC_C_LANGUAGE_STANDARD = gnu11;
				GCC_DYNAMIC_NO_PIC = NO;
				GCC_NO_COMMON_BLOCKS = YES;
				GCC_OPTIMIZATION_LEVEL = 0;
				GCC_PREPROCESSOR_DEFINITIONS = (
					"DEBUG=1",
					"$(inherited)",
				);
				GCC_WARN_64_TO_32_BIT_CONVERSION = YES;
				GCC_WARN_ABOUT_RETURN_TYPE = YES_ERROR;
				GCC_WARN_UNDECLARED_SELECTOR = YES;
				GCC_WARN_UNINITIALIZED_AUTOS = YES_AGGRESSIVE;
				GCC_WARN_UNUSED_FUNCTION = YES;
				GCC_WARN_UNUSED_VARIABLE = YES;
				MACOSX_DEPLOYMENT_TARGET = 10.15;
				MTL_ENABLE_DEBUG_INFO = INCLUDE_SOURCE;
				MTL_FAST_MATH = YES;
				ONLY_ACTIVE_ARCH = YES;
				SDKROOT = macosx;
				SWIFT_ACTIVE_COMPILATION_CONDITIONS = DEBUG;
				SWIFT_OPTIMIZATION_LEVEL = "-Onone";
			};
			name = Debug;
		};
		C208191E23544C8A00590D1C /* Release */ = {
			isa = XCBuildConfiguration;
			buildSettings = {
				ALWAYS_SEARCH_USER_PATHS = NO;
				CLANG_ANALYZER_NONNULL = YES;
				CLANG_ANALYZER_NUMBER_OBJECT_CONVERSION = YES_AGGRESSIVE;
				CLANG_CXX_LANGUAGE_STANDARD = "gnu++14";
				CLANG_CXX_LIBRARY = "libc++";
				CLANG_ENABLE_MODULES = YES;
				CLANG_ENABLE_OBJC_ARC = YES;
				CLANG_ENABLE_OBJC_WEAK = YES;
				CLANG_WARN_BLOCK_CAPTURE_AUTORELEASING = YES;
				CLANG_WARN_BOOL_CONVERSION = YES;
				CLANG_WARN_COMMA = YES;
				CLANG_WARN_CONSTANT_CONVERSION = YES;
				CLANG_WARN_DEPRECATED_OBJC_IMPLEMENTATIONS = YES;
				CLANG_WARN_DIRECT_OBJC_ISA_USAGE = YES_ERROR;
				CLANG_WARN_DOCUMENTATION_COMMENTS = YES;
				CLANG_WARN_EMPTY_BODY = YES;
				CLANG_WARN_ENUM_CONVERSION = YES;
				CLANG_WARN_INFINITE_RECURSION = YES;
				CLANG_WARN_INT_CONVERSION = YES;
				CLANG_WARN_NON_LITERAL_NULL_CONVERSION = YES;
				CLANG_WARN_OBJC_IMPLICIT_RETAIN_SELF = YES;
				CLANG_WARN_OBJC_LITERAL_CONVERSION = YES;
				CLANG_WARN_OBJC_ROOT_CLASS = YES_ERROR;
				CLANG_WARN_RANGE_LOOP_ANALYSIS = YES;
				CLANG_WARN_STRICT_PROTOTYPES = YES;
				CLANG_WARN_SUSPICIOUS_MOVE = YES;
				CLANG_WARN_UNGUARDED_AVAILABILITY = YES_AGGRESSIVE;
				CLANG_WARN_UNREACHABLE_CODE = YES;
				CLANG_WARN__DUPLICATE_METHOD_MATCH = YES;
				COPY_PHASE_STRIP = NO;
				DEBUG_INFORMATION_FORMAT = "dwarf-with-dsym";
				ENABLE_NS_ASSERTIONS = NO;
				ENABLE_STRICT_OBJC_MSGSEND = YES;
				GCC_C_LANGUAGE_STANDARD = gnu11;
				GCC_NO_COMMON_BLOCKS = YES;
				GCC_WARN_64_TO_32_BIT_CONVERSION = YES;
				GCC_WARN_ABOUT_RETURN_TYPE = YES_ERROR;
				GCC_WARN_UNDECLARED_SELECTOR = YES;
				GCC_WARN_UNINITIALIZED_AUTOS = YES_AGGRESSIVE;
				GCC_WARN_UNUSED_FUNCTION = YES;
				GCC_WARN_UNUSED_VARIABLE = YES;
				MACOSX_DEPLOYMENT_TARGET = 10.15;
				MTL_ENABLE_DEBUG_INFO = NO;
				MTL_FAST_MATH = YES;
				SDKROOT = macosx;
				SWIFT_COMPILATION_MODE = wholemodule;
				SWIFT_OPTIMIZATION_LEVEL = "-O";
			};
			name = Release;
		};
		C208192023544C8A00590D1C /* Debug */ = {
			isa = XCBuildConfiguration;
			buildSettings = {
				ASSETCATALOG_COMPILER_APPICON_NAME = AppIcon;
				CLANG_ENABLE_MODULES = YES;
				CODE_SIGN_ENTITLEMENTS = PlatformCode/Brogue.entitlements;
				CODE_SIGN_STYLE = Automatic;
				COMBINE_HIDPI_IMAGES = YES;
				CURRENT_PROJECT_VERSION = 3;
				INFOPLIST_FILE = PlatformCode/Info.plist;
				LD_RUNPATH_SEARCH_PATHS = (
					"$(inherited)",
					"@executable_path/../Frameworks",
				);
				MARKETING_VERSION = 0.0.0;
				PRODUCT_BUNDLE_IDENTIFIER = darthvid.Brogue;
				PRODUCT_NAME = "$(TARGET_NAME)";
				SWIFT_OBJC_BRIDGING_HEADER = "PlatformCode/Brogue-Bridging-Header.h";
				SWIFT_OPTIMIZATION_LEVEL = "-Onone";
				SWIFT_VERSION = 5.0;
			};
			name = Debug;
		};
		C208192123544C8A00590D1C /* Release */ = {
			isa = XCBuildConfiguration;
			buildSettings = {
				ASSETCATALOG_COMPILER_APPICON_NAME = AppIcon;
				CLANG_ENABLE_MODULES = YES;
				CODE_SIGN_ENTITLEMENTS = PlatformCode/Brogue.entitlements;
				CODE_SIGN_STYLE = Automatic;
				COMBINE_HIDPI_IMAGES = YES;
				CURRENT_PROJECT_VERSION = 3;
				INFOPLIST_FILE = PlatformCode/Info.plist;
				LD_RUNPATH_SEARCH_PATHS = (
					"$(inherited)",
					"@executable_path/../Frameworks",
				);
				MARKETING_VERSION = 0.0.0;
				PRODUCT_BUNDLE_IDENTIFIER = darthvid.Brogue;
				PRODUCT_NAME = "$(TARGET_NAME)";
				SWIFT_OBJC_BRIDGING_HEADER = "PlatformCode/Brogue-Bridging-Header.h";
				SWIFT_VERSION = 5.0;
			};
			name = Release;
		};
/* End XCBuildConfiguration section */

/* Begin XCConfigurationList section */
		C208190423544C8900590D1C /* Build configuration list for PBXProject "Brogue" */ = {
			isa = XCConfigurationList;
			buildConfigurations = (
				C208191D23544C8A00590D1C /* Debug */,
				C208191E23544C8A00590D1C /* Release */,
			);
			defaultConfigurationIsVisible = 0;
			defaultConfigurationName = Release;
		};
		C208191F23544C8A00590D1C /* Build configuration list for PBXNativeTarget "Brogue" */ = {
			isa = XCConfigurationList;
			buildConfigurations = (
				C208192023544C8A00590D1C /* Debug */,
				C208192123544C8A00590D1C /* Release */,
			);
			defaultConfigurationIsVisible = 0;
			defaultConfigurationName = Release;
		};
/* End XCConfigurationList section */
	};
	rootObject = C208190123544C8900590D1C /* Project object */;
}
